
Microsoft Visual Studio Solution File, Format Version 12.00
# Visual Studio Version 17
VisualStudioVersion = 17.10.35013.160
MinimumVisualStudioVersion = 10.0.40219.1
Project("{FAE04EC0-301F-11D3-BF4B-00C04F79EFBC}") = "PhaserMonitor", "PhaserMonitor\PhaserMonitor.csproj", "{ABCF9DB2-5423-4DDF-9265-230CE69E5C36}"
EndProject
Global
	GlobalSection(SolutionConfigurationPlatforms) = preSolution
		Debug|Any CPU = Debug|Any CPU
		Release|Any CPU = Release|Any CPU
	EndGlobalSection
	GlobalSection(ProjectConfigurationPlatforms) = postSolution
		{ABCF9DB2-5423-4DDF-9265-230CE69E5C36}.Debug|Any CPU.ActiveCfg = Debug|Any CPU
		{ABCF9DB2-5423-4DDF-9265-230CE69E5C36}.Debug|Any CPU.Build.0 = Debug|Any CPU
		{ABCF9DB2-5423-4DDF-9265-230CE69E5C36}.Release|Any CPU.ActiveCfg = Release|Any CPU
		{ABCF9DB2-5423-4DDF-9265-230CE69E5C36}.Release|Any CPU.Build.0 = Release|Any CPU
	EndGlobalSection
	GlobalSection(SolutionProperties) = preSolution
		HideSolutionNode = FALSE
	EndGlobalSection
	GlobalSection(ExtensibilityGlobals) = postSolution
		SolutionGuid = {B8C0E077-61C1-470E-BD98-4B1CC39FA3C4}
	EndGlobalSection
EndGlobal
